Microsoft Visual Studio Solution File, Format Version 12.00
# Visual Studio Version 17
VisualStudioVersion = 17.0.31611.283
MinimumVisualStudioVersion = 10.0.40219.1
Project("{9A19103F-16F7-4668-BE54-9A1E7A4F7556}") = "MultiPlatform.Maui", "MultiPlatform.Maui\MultiPlatform.Maui.csproj", "{69731AC0-8C99-44FE-B294-1484F2DF9453}"
EndProject
Project("{FAE04EC0-301F-11D3-BF4B-00C04F79EFBC}") = "MultiPlatform.Blazor", "MultiPlatform.Blazor\MultiPlatform.Blazor.csproj", "{2EA95BB1-E8CC-4B5A-B842-0690E1602457}"
EndProject
Project("{9A19103F-16F7-4668-BE54-9A1E7A4F7556}") = "MultiPlatform.Server", "MultiPlatform.Server\MultiPlatform.Server.csproj", "{8627BBA2-E0AB-475C-BC80-B69428942F78}"
EndProject
Global
	GlobalSection(SolutionConfigurationPlatforms) = preSolution
		Debug|Any CPU = Debug|Any CPU
		Release|Any CPU = Release|Any CPU
	EndGlobalSection
	GlobalSection(ProjectConfigurationPlatforms) = postSolution
		{69731AC0-8C99-44FE-B294-1484F2DF9453}.Debug|Any CPU.ActiveCfg = Debug|Any CPU
		{69731AC0-8C99-44FE-B294-1484F2DF9453}.Debug|Any CPU.Build.0 = Debug|Any CPU
		{69731AC0-8C99-44FE-B294-1484F2DF9453}.Debug|Any CPU.Deploy.0 = Debug|Any CPU
		{69731AC0-8C99-44FE-B294-1484F2DF9453}.Release|Any CPU.ActiveCfg = Release|Any CPU
		{69731AC0-8C99-44FE-B294-1484F2DF9453}.Release|Any CPU.Build.0 = Release|Any CPU
		{69731AC0-8C99-44FE-B294-1484F2DF9453}.Release|Any CPU.Deploy.0 = Release|Any CPU
		{2EA95BB1-E8CC-4B5A-B842-0690E1602457}.Debug|Any CPU.ActiveCfg = Debug|Any CPU
		{2EA95BB1-E8CC-4B5A-B842-0690E1602457}.Debug|Any CPU.Build.0 = Debug|Any CPU
		{2EA95BB1-E8CC-4B5A-B842-0690E1602457}.Release|Any CPU.ActiveCfg = Release|Any CPU
		{2EA95BB1-E8CC-4B5A-B842-0690E1602457}.Release|Any CPU.Build.0 = Release|Any CPU
		{8627BBA2-E0AB-475C-BC80-B69428942F78}.Debug|Any CPU.ActiveCfg = Debug|Any CPU
		{8627BBA2-E0AB-475C-BC80-B69428942F78}.Debug|Any CPU.Build.0 = Debug|Any CPU
		{8627BBA2-E0AB-475C-BC80-B69428942F78}.Release|Any CPU.ActiveCfg = Release|Any CPU
		{8627BBA2-E0AB-475C-BC80-B69428942F78}.Release|Any CPU.Build.0 = Release|Any CPU
	EndGlobalSection
	GlobalSection(SolutionProperties) = preSolution
		HideSolutionNode = FALSE
	EndGlobalSection
	GlobalSection(ExtensibilityGlobals) = postSolution
		        SolutionGuid = {61F7FB11-1E47-470C-91E2-47F8143E1572}
		SolutionGuid = {2BDC2CB0-A6B4-4450-ABA2-77300F84698D}
	EndGlobalSection
EndGlobal
